
Microsoft Visual Studio Solution File, Format Version 12.00
# Visual Studio Version 17
VisualStudioVersion = 17.2.32616.157
MinimumVisualStudioVersion = 10.0.40219.1
Project("{FAE04EC0-301F-11D3-BF4B-00C04F79EFBC}") = "CarBase", "CarBase\CarBase.csproj", "{AEC8E4B9-17B1-49BE-A5C8-F2D0E4A488B9}"
EndProject
Global
	GlobalSection(SolutionConfigurationPlatforms) = preSolution
		Debug|Any CPU = Debug|Any CPU
		Release|Any CPU = Release|Any CPU
	EndGlobalSection
	GlobalSection(ProjectConfigurationPlatforms) = postSolution
		{AEC8E4B9-17B1-49BE-A5C8-F2D0E4A488B9}.Debug|Any CPU.ActiveCfg = Debug|Any CPU
		{AEC8E4B9-17B1-49BE-A5C8-F2D0E4A488B9}.Debug|Any CPU.Build.0 = Debug|Any CPU
		{AEC8E4B9-17B1-49BE-A5C8-F2D0E4A488B9}.Release|Any CPU.ActiveCfg = Release|Any CPU
		{AEC8E4B9-17B1-49BE-A5C8-F2D0E4A488B9}.Release|Any CPU.Build.0 = Release|Any CPU
	EndGlobalSection
	GlobalSection(SolutionProperties) = preSolution
		HideSolutionNode = FALSE
	EndGlobalSection
	GlobalSection(ExtensibilityGlobals) = postSolution
		SolutionGuid = {8CC7F144-6B71-4B7C-BA32-78683499258F}
	EndGlobalSection
EndGlobal
